
Microsoft Visual Studio Solution File, Format Version 11.00
# Visual Studio 2010
Project("{FAE04EC0-301F-11D3-BF4B-00C04F79EFBC}") = "MVC-FormWizard", "MVC-FormWizard\MVC-FormWizard.csproj", "{6331C0FF-9605-4D92-957B-C55A372716E4}"
EndProject
Global
	GlobalSection(SolutionConfigurationPlatforms) = preSolution
		Debug|Any CPU = Debug|Any CPU
		Release|Any CPU = Release|Any CPU
	EndGlobalSection
	GlobalSection(ProjectConfigurationPlatforms) = postSolution
		{6331C0FF-9605-4D92-957B-C55A372716E4}.Debug|Any CPU.ActiveCfg = Debug|Any CPU
		{6331C0FF-9605-4D92-957B-C55A372716E4}.Debug|Any CPU.Build.0 = Debug|Any CPU
		{6331C0FF-9605-4D92-957B-C55A372716E4}.Release|Any CPU.ActiveCfg = Release|Any CPU
		{6331C0FF-9605-4D92-957B-C55A372716E4}.Release|Any CPU.Build.0 = Release|Any CPU
	EndGlobalSection
	GlobalSection(SolutionProperties) = preSolution
		HideSolutionNode = FALSE
	EndGlobalSection
EndGlobal
